
Microsoft Visual Studio Solution File, Format Version 12.00
# Visual Studio Version 17
VisualStudioVersion = 17.2.32516.85
MinimumVisualStudioVersion = 10.0.40219.1
Project("{9A19103F-16F7-4668-BE54-9A1E7A4F7556}") = "DotNetStandardLibTest", "DotNetStandardLibTest\DotNetStandardLibTest.csproj", "{04715FCC-C8E9-4BA3-A4B0-F4D98CFF8A3C}"
EndProject
Project("{9A19103F-16F7-4668-BE54-9A1E7A4F7556}") = "ConsoleApp1", "ConsoleApp1\ConsoleApp1.csproj", "{E9DE2065-3DA1-4F8D-85A4-558343F3B3EF}"
EndProject
Project("{FAE04EC0-301F-11D3-BF4B-00C04F79EFBC}") = "ConsoleApp2", "ConsoleApp2\ConsoleApp2.csproj", "{5D2B918E-1D9E-426F-8373-2255A17A01A6}"
EndProject
Project("{2150E333-8FDC-42A3-9474-1A3956D46DE8}") = "01..NETStandard", "01..NETStandard", "{9FA53B16-CC1F-4402-B7C0-C41631FEA883}"
EndProject
Project("{2150E333-8FDC-42A3-9474-1A3956D46DE8}") = "02.AsyncAwait", "02.AsyncAwait", "{2831EDDA-A4CB-4B98-AD03-98D260DFF529}"
EndProject
Project("{9A19103F-16F7-4668-BE54-9A1E7A4F7556}") = "ConsoleAppAsyncAwait", "ConsoleAppAsyncAwait\ConsoleAppAsyncAwait.csproj", "{5995C932-3230-44D9-BAF3-2F6D27DFB879}"
EndProject
Project("{9A19103F-16F7-4668-BE54-9A1E7A4F7556}") = "ThreadChange", "ThreadChange\ThreadChange.csproj", "{560C6316-96E1-4A0B-81A6-D453E680615E}"
EndProject
Project("{9A19103F-16F7-4668-BE54-9A1E7A4F7556}") = "ConsoleAppCancellationToken", "ConsoleAppCancellationToken\ConsoleAppCancellationToken.csproj", "{582B9B62-ABF2-4978-B73A-DC0F6895BCD7}"
EndProject
Project("{9A19103F-16F7-4668-BE54-9A1E7A4F7556}") = "WebApplicationCancellationToken", "WebApplicationCancellationToken\WebApplicationCancellationToken.csproj", "{5B279FC6-FC47-48E1-A63E-10FAFD0967EE}"
EndProject
Project("{9A19103F-16F7-4668-BE54-9A1E7A4F7556}") = "ConsoleAppTaskWhenAll", "ConsoleAppTaskWhenAll\ConsoleAppTaskWhenAll.csproj", "{A69936B4-898B-45BB-8CB1-B1D4AA632AC9}"
EndProject
Project("{2150E333-8FDC-42A3-9474-1A3956D46DE8}") = "03.Linq", "03.Linq", "{BC02496D-2BC9-4134-B475-EDF21EA5A3BF}"
EndProject
Project("{9A19103F-16F7-4668-BE54-9A1E7A4F7556}") = "ConsoleAppLinq", "ConsoleAppLinq\ConsoleAppLinq.csproj", "{046B36C1-C976-40DD-B493-73F0A963F67D}"
EndProject
Project("{2150E333-8FDC-42A3-9474-1A3956D46DE8}") = "04.DepencyInjection", "04.DepencyInjection", "{A3DB183D-3F39-4944-BE4C-E644D70657F0}"
EndProject
Project("{9A19103F-16F7-4668-BE54-9A1E7A4F7556}") = "ConsoleAppDependencyInjection", "ConsoleAppDependencyInjection\ConsoleAppDependencyInjection.csproj", "{89DEF10C-8D4C-407F-9BA4-CB01DED59E26}"
EndProject
Project("{9A19103F-16F7-4668-BE54-9A1E7A4F7556}") = "ConsoleAppDiDb", "ConsoleAppDiDb\ConsoleAppDiDb.csproj", "{3F8DA7A6-95D9-4915-82E1-E35F03594B23}"
EndProject
Project("{9A19103F-16F7-4668-BE54-9A1E7A4F7556}") = "MailSenderConsole", "MailSenderConsole\MailSenderConsole.csproj", "{33E63ABB-2DFD-4BF8-8F66-09DABEB48CBD}"
EndProject
Project("{9A19103F-16F7-4668-BE54-9A1E7A4F7556}") = "ConfigServices", "ConfigServices\ConfigServices.csproj", "{1AC7E383-F1CC-4623-9F1C-5BEACC1426B3}"
EndProject
Project("{9A19103F-16F7-4668-BE54-9A1E7A4F7556}") = "LogServices", "LogServices\LogServices.csproj", "{627F9B39-9F4B-40BC-B0AD-8BD130FCAA35}"
EndProject
Project("{9A19103F-16F7-4668-BE54-9A1E7A4F7556}") = "MailServices", "MailServices\MailServices.csproj", "{802FB2DB-B7C7-4FDA-8413-857949C51648}"
EndProject
Project("{2150E333-8FDC-42A3-9474-1A3956D46DE8}") = "05.Configuration", "05.Configuration", "{B7B84AFF-5A11-4AF5-93BD-618AECF16F9C}"
EndProject
Project("{9A19103F-16F7-4668-BE54-9A1E7A4F7556}") = "ReadJsonConfig", "ReadJsonConfig\ReadJsonConfig.csproj", "{B24D1482-B275-417A-9F23-E041B1A88C2F}"
EndProject
Project("{9A19103F-16F7-4668-BE54-9A1E7A4F7556}") = "OptionSnapshot", "OptionSnapshot\OptionSnapshot.csproj", "{8170B852-E7AE-4BEC-A499-7B943B87AF38}"
EndProject
Project("{9A19103F-16F7-4668-BE54-9A1E7A4F7556}") = "ReadCommandLineConfig", "ReadCommandLineConfig\ReadCommandLineConfig.csproj", "{B90C4657-7F28-420C-B543-5D51DA7FC6DA}"
EndProject
Project("{9A19103F-16F7-4668-BE54-9A1E7A4F7556}") = "ReadWebConfig", "ReadWebConfig\ReadWebConfig.csproj", "{AAA6354A-5530-43FD-8979-D4FC7F17CCB8}"
EndProject
Project("{2150E333-8FDC-42A3-9474-1A3956D46DE8}") = "06.Logging", "06.Logging", "{3A7F341C-F8D3-4450-9152-4C20FB22C26C}"
EndProject
Project("{9A19103F-16F7-4668-BE54-9A1E7A4F7556}") = "ConsoleLogging", "ConsoleLogging\ConsoleLogging.csproj", "{91A1DFB0-6FF7-45F2-BD0A-5CD025B8A5DD}"
EndProject
Project("{2150E333-8FDC-42A3-9474-1A3956D46DE8}") = "07.EFCore", "07.EFCore", "{75BE9CD7-CC12-4AA0-BC86-D98D3DE53265}"
EndProject
Project("{9A19103F-16F7-4668-BE54-9A1E7A4F7556}") = "ConsoleEFCore", "ConsoleEFCore\ConsoleEFCore.csproj", "{F3B0C1A7-4A2B-47AD-889C-CA4ED697520F}"
EndProject
Project("{FAE04EC0-301F-11D3-BF4B-00C04F79EFBC}") = "ScafflodCompass", "ScafflodCompass\ScafflodCompass.csproj", "{0629D35D-3210-4000-93A5-1F5594DBDCFE}"
EndProject
Global
	GlobalSection(SolutionConfigurationPlatforms) = preSolution
		Debug|Any CPU = Debug|Any CPU
		Release|Any CPU = Release|Any CPU
	EndGlobalSection
	GlobalSection(ProjectConfigurationPlatforms) = postSolution
		{04715FCC-C8E9-4BA3-A4B0-F4D98CFF8A3C}.Debug|Any CPU.ActiveCfg = Debug|Any CPU
		{04715FCC-C8E9-4BA3-A4B0-F4D98CFF8A3C}.Debug|Any CPU.Build.0 = Debug|Any CPU
		{04715FCC-C8E9-4BA3-A4B0-F4D98CFF8A3C}.Release|Any CPU.ActiveCfg = Release|Any CPU
		{04715FCC-C8E9-4BA3-A4B0-F4D98CFF8A3C}.Release|Any CPU.Build.0 = Release|Any CPU
		{E9DE2065-3DA1-4F8D-85A4-558343F3B3EF}.Debug|Any CPU.ActiveCfg = Debug|Any CPU
		{E9DE2065-3DA1-4F8D-85A4-558343F3B3EF}.Debug|Any CPU.Build.0 = Debug|Any CPU
		{E9DE2065-3DA1-4F8D-85A4-558343F3B3EF}.Release|Any CPU.ActiveCfg = Release|Any CPU
		{E9DE2065-3DA1-4F8D-85A4-558343F3B3EF}.Release|Any CPU.Build.0 = Release|Any CPU
		{5D2B918E-1D9E-426F-8373-2255A17A01A6}.Debug|Any CPU.ActiveCfg = Debug|Any CPU
		{5D2B918E-1D9E-426F-8373-2255A17A01A6}.Debug|Any CPU.Build.0 = Debug|Any CPU
		{5D2B918E-1D9E-426F-8373-2255A17A01A6}.Release|Any CPU.ActiveCfg = Release|Any CPU
		{5D2B918E-1D9E-426F-8373-2255A17A01A6}.Release|Any CPU.Build.0 = Release|Any CPU
		{5995C932-3230-44D9-BAF3-2F6D27DFB879}.Debug|Any CPU.ActiveCfg = Debug|Any CPU
		{5995C932-3230-44D9-BAF3-2F6D27DFB879}.Debug|Any CPU.Build.0 = Debug|Any CPU
		{5995C932-3230-44D9-BAF3-2F6D27DFB879}.Release|Any CPU.ActiveCfg = Release|Any CPU
		{5995C932-3230-44D9-BAF3-2F6D27DFB879}.Release|Any CPU.Build.0 = Release|Any CPU
		{560C6316-96E1-4A0B-81A6-D453E680615E}.Debug|Any CPU.ActiveCfg = Debug|Any CPU
		{560C6316-96E1-4A0B-81A6-D453E680615E}.Debug|Any CPU.Build.0 = Debug|Any CPU
		{560C6316-96E1-4A0B-81A6-D453E680615E}.Release|Any CPU.ActiveCfg = Release|Any CPU
		{560C6316-96E1-4A0B-81A6-D453E680615E}.Release|Any CPU.Build.0 = Release|Any CPU
		{582B9B62-ABF2-4978-B73A-DC0F6895BCD7}.Debug|Any CPU.ActiveCfg = Debug|Any CPU
		{582B9B62-ABF2-4978-B73A-DC0F6895BCD7}.Debug|Any CPU.Build.0 = Debug|Any CPU
		{582B9B62-ABF2-4978-B73A-DC0F6895BCD7}.Release|Any CPU.ActiveCfg = Release|Any CPU
		{582B9B62-ABF2-4978-B73A-DC0F6895BCD7}.Release|Any CPU.Build.0 = Release|Any CPU
		{5B279FC6-FC47-48E1-A63E-10FAFD0967EE}.Debug|Any CPU.ActiveCfg = Debug|Any CPU
		{5B279FC6-FC47-48E1-A63E-10FAFD0967EE}.Debug|Any CPU.Build.0 = Debug|Any CPU
		{5B279FC6-FC47-48E1-A63E-10FAFD0967EE}.Release|Any CPU.ActiveCfg = Release|Any CPU
		{5B279FC6-FC47-48E1-A63E-10FAFD0967EE}.Release|Any CPU.Build.0 = Release|Any CPU
		{A69936B4-898B-45BB-8CB1-B1D4AA632AC9}.Debug|Any CPU.ActiveCfg = Debug|Any CPU
		{A69936B4-898B-45BB-8CB1-B1D4AA632AC9}.Debug|Any CPU.Build.0 = Debug|Any CPU
		{A69936B4-898B-45BB-8CB1-B1D4AA632AC9}.Release|Any CPU.ActiveCfg = Release|Any CPU
		{A69936B4-898B-45BB-8CB1-B1D4AA632AC9}.Release|Any CPU.Build.0 = Release|Any CPU
		{046B36C1-C976-40DD-B493-73F0A963F67D}.Debug|Any CPU.ActiveCfg = Debug|Any CPU
		{046B36C1-C976-40DD-B493-73F0A963F67D}.Debug|Any CPU.Build.0 = Debug|Any CPU
		{046B36C1-C976-40DD-B493-73F0A963F67D}.Release|Any CPU.ActiveCfg = Release|Any CPU
		{046B36C1-C976-40DD-B493-73F0A963F67D}.Release|Any CPU.Build.0 = Release|Any CPU
		{89DEF10C-8D4C-407F-9BA4-CB01DED59E26}.Debug|Any CPU.ActiveCfg = Debug|Any CPU
		{89DEF10C-8D4C-407F-9BA4-CB01DED59E26}.Debug|Any CPU.Build.0 = Debug|Any CPU
		{89DEF10C-8D4C-407F-9BA4-CB01DED59E26}.Release|Any CPU.ActiveCfg = Release|Any CPU
		{89DEF10C-8D4C-407F-9BA4-CB01DED59E26}.Release|Any CPU.Build.0 = Release|Any CPU
		{3F8DA7A6-95D9-4915-82E1-E35F03594B23}.Debug|Any CPU.ActiveCfg = Debug|Any CPU
		{3F8DA7A6-95D9-4915-82E1-E35F03594B23}.Debug|Any CPU.Build.0 = Debug|Any CPU
		{3F8DA7A6-95D9-4915-82E1-E35F03594B23}.Release|Any CPU.ActiveCfg = Release|Any CPU
		{3F8DA7A6-95D9-4915-82E1-E35F03594B23}.Release|Any CPU.Build.0 = Release|Any CPU
		{33E63ABB-2DFD-4BF8-8F66-09DABEB48CBD}.Debug|Any CPU.ActiveCfg = Debug|Any CPU
		{33E63ABB-2DFD-4BF8-8F66-09DABEB48CBD}.Debug|Any CPU.Build.0 = Debug|Any CPU
		{33E63ABB-2DFD-4BF8-8F66-09DABEB48CBD}.Release|Any CPU.ActiveCfg = Release|Any CPU
		{33E63ABB-2DFD-4BF8-8F66-09DABEB48CBD}.Release|Any CPU.Build.0 = Release|Any CPU
		{1AC7E383-F1CC-4623-9F1C-5BEACC1426B3}.Debug|Any CPU.ActiveCfg = Debug|Any CPU
		{1AC7E383-F1CC-4623-9F1C-5BEACC1426B3}.Debug|Any CPU.Build.0 = Debug|Any CPU
		{1AC7E383-F1CC-4623-9F1C-5BEACC1426B3}.Release|Any CPU.ActiveCfg = Release|Any CPU
		{1AC7E383-F1CC-4623-9F1C-5BEACC1426B3}.Release|Any CPU.Build.0 = Release|Any CPU
		{627F9B39-9F4B-40BC-B0AD-8BD130FCAA35}.Debug|Any CPU.ActiveCfg = Debug|Any CPU
		{627F9B39-9F4B-40BC-B0AD-8BD130FCAA35}.Debug|Any CPU.Build.0 = Debug|Any CPU
		{627F9B39-9F4B-40BC-B0AD-8BD130FCAA35}.Release|Any CPU.ActiveCfg = Release|Any CPU
		{627F9B39-9F4B-40BC-B0AD-8BD130FCAA35}.Release|Any CPU.Build.0 = Release|Any CPU
		{802FB2DB-B7C7-4FDA-8413-857949C51648}.Debug|Any CPU.ActiveCfg = Debug|Any CPU
		{802FB2DB-B7C7-4FDA-8413-857949C51648}.Debug|Any CPU.Build.0 = Debug|Any CPU
		{802FB2DB-B7C7-4FDA-8413-857949C51648}.Release|Any CPU.ActiveCfg = Release|Any CPU
		{802FB2DB-B7C7-4FDA-8413-857949C51648}.Release|Any CPU.Build.0 = Release|Any CPU
		{B24D1482-B275-417A-9F23-E041B1A88C2F}.Debug|Any CPU.ActiveCfg = Debug|Any CPU
		{B24D1482-B275-417A-9F23-E041B1A88C2F}.Debug|Any CPU.Build.0 = Debug|Any CPU
		{B24D1482-B275-417A-9F23-E041B1A88C2F}.Release|Any CPU.ActiveCfg = Release|Any CPU
		{B24D1482-B275-417A-9F23-E041B1A88C2F}.Release|Any CPU.Build.0 = Release|Any CPU
		{8170B852-E7AE-4BEC-A499-7B943B87AF38}.Debug|Any CPU.ActiveCfg = Debug|Any CPU
		{8170B852-E7AE-4BEC-A499-7B943B87AF38}.Debug|Any CPU.Build.0 = Debug|Any CPU
		{8170B852-E7AE-4BEC-A499-7B943B87AF38}.Release|Any CPU.ActiveCfg = Release|Any CPU
		{8170B852-E7AE-4BEC-A499-7B943B87AF38}.Release|Any CPU.Build.0 = Release|Any CPU
		{B90C4657-7F28-420C-B543-5D51DA7FC6DA}.Debug|Any CPU.ActiveCfg = Debug|Any CPU
		{B90C4657-7F28-420C-B543-5D51DA7FC6DA}.Debug|Any CPU.Build.0 = Debug|Any CPU
		{B90C4657-7F28-420C-B543-5D51DA7FC6DA}.Release|Any CPU.ActiveCfg = Release|Any CPU
		{B90C4657-7F28-420C-B543-5D51DA7FC6DA}.Release|Any CPU.Build.0 = Release|Any CPU
		{AAA6354A-5530-43FD-8979-D4FC7F17CCB8}.Debug|Any CPU.ActiveCfg = Debug|Any CPU
		{AAA6354A-5530-43FD-8979-D4FC7F17CCB8}.Debug|Any CPU.Build.0 = Debug|Any CPU
		{AAA6354A-5530-43FD-8979-D4FC7F17CCB8}.Release|Any CPU.ActiveCfg = Release|Any CPU
		{AAA6354A-5530-43FD-8979-D4FC7F17CCB8}.Release|Any CPU.Build.0 = Release|Any CPU
		{91A1DFB0-6FF7-45F2-BD0A-5CD025B8A5DD}.Debug|Any CPU.ActiveCfg = Debug|Any CPU
		{91A1DFB0-6FF7-45F2-BD0A-5CD025B8A5DD}.Debug|Any CPU.Build.0 = Debug|Any CPU
		{91A1DFB0-6FF7-45F2-BD0A-5CD025B8A5DD}.Release|Any CPU.ActiveCfg = Release|Any CPU
		{91A1DFB0-6FF7-45F2-BD0A-5CD025B8A5DD}.Release|Any CPU.Build.0 = Release|Any CPU
		{F3B0C1A7-4A2B-47AD-889C-CA4ED697520F}.Debug|Any CPU.ActiveCfg = Debug|Any CPU
		{F3B0C1A7-4A2B-47AD-889C-CA4ED697520F}.Debug|Any CPU.Build.0 = Debug|Any CPU
		{F3B0C1A7-4A2B-47AD-889C-CA4ED697520F}.Release|Any CPU.ActiveCfg = Release|Any CPU
		{F3B0C1A7-4A2B-47AD-889C-CA4ED697520F}.Release|Any CPU.Build.0 = Release|Any CPU
		{0629D35D-3210-4000-93A5-1F5594DBDCFE}.Debug|Any CPU.ActiveCfg = Debug|Any CPU
		{0629D35D-3210-4000-93A5-1F5594DBDCFE}.Debug|Any CPU.Build.0 = Debug|Any CPU
		{0629D35D-3210-4000-93A5-1F5594DBDCFE}.Release|Any CPU.ActiveCfg = Release|Any CPU
		{0629D35D-3210-4000-93A5-1F5594DBDCFE}.Release|Any CPU.Build.0 = Release|Any CPU
	EndGlobalSection
	GlobalSection(SolutionProperties) = preSolution
		HideSolutionNode = FALSE
	EndGlobalSection
	GlobalSection(NestedProjects) = preSolution
		{04715FCC-C8E9-4BA3-A4B0-F4D98CFF8A3C} = {9FA53B16-CC1F-4402-B7C0-C41631FEA883}
		{E9DE2065-3DA1-4F8D-85A4-558343F3B3EF} = {9FA53B16-CC1F-4402-B7C0-C41631FEA883}
		{5D2B918E-1D9E-426F-8373-2255A17A01A6} = {9FA53B16-CC1F-4402-B7C0-C41631FEA883}
		{5995C932-3230-44D9-BAF3-2F6D27DFB879} = {2831EDDA-A4CB-4B98-AD03-98D260DFF529}
		{560C6316-96E1-4A0B-81A6-D453E680615E} = {2831EDDA-A4CB-4B98-AD03-98D260DFF529}
		{582B9B62-ABF2-4978-B73A-DC0F6895BCD7} = {2831EDDA-A4CB-4B98-AD03-98D260DFF529}
		{5B279FC6-FC47-48E1-A63E-10FAFD0967EE} = {2831EDDA-A4CB-4B98-AD03-98D260DFF529}
		{A69936B4-898B-45BB-8CB1-B1D4AA632AC9} = {2831EDDA-A4CB-4B98-AD03-98D260DFF529}
		{046B36C1-C976-40DD-B493-73F0A963F67D} = {BC02496D-2BC9-4134-B475-EDF21EA5A3BF}
		{89DEF10C-8D4C-407F-9BA4-CB01DED59E26} = {A3DB183D-3F39-4944-BE4C-E644D70657F0}
		{3F8DA7A6-95D9-4915-82E1-E35F03594B23} = {A3DB183D-3F39-4944-BE4C-E644D70657F0}
		{33E63ABB-2DFD-4BF8-8F66-09DABEB48CBD} = {A3DB183D-3F39-4944-BE4C-E644D70657F0}
		{1AC7E383-F1CC-4623-9F1C-5BEACC1426B3} = {A3DB183D-3F39-4944-BE4C-E644D70657F0}
		{627F9B39-9F4B-40BC-B0AD-8BD130FCAA35} = {A3DB183D-3F39-4944-BE4C-E644D70657F0}
		{802FB2DB-B7C7-4FDA-8413-857949C51648} = {A3DB183D-3F39-4944-BE4C-E644D70657F0}
		{B24D1482-B275-417A-9F23-E041B1A88C2F} = {B7B84AFF-5A11-4AF5-93BD-618AECF16F9C}
		{8170B852-E7AE-4BEC-A499-7B943B87AF38} = {B7B84AFF-5A11-4AF5-93BD-618AECF16F9C}
		{B90C4657-7F28-420C-B543-5D51DA7FC6DA} = {B7B84AFF-5A11-4AF5-93BD-618AECF16F9C}
		{AAA6354A-5530-43FD-8979-D4FC7F17CCB8} = {B7B84AFF-5A11-4AF5-93BD-618AECF16F9C}
		{91A1DFB0-6FF7-45F2-BD0A-5CD025B8A5DD} = {3A7F341C-F8D3-4450-9152-4C20FB22C26C}
		{F3B0C1A7-4A2B-47AD-889C-CA4ED697520F} = {75BE9CD7-CC12-4AA0-BC86-D98D3DE53265}
		{0629D35D-3210-4000-93A5-1F5594DBDCFE} = {75BE9CD7-CC12-4AA0-BC86-D98D3DE53265}
	EndGlobalSection
	GlobalSection(ExtensibilityGlobals) = postSolution
		SolutionGuid = {42033C1D-7E2F-4ABB-B48E-1E0C242DF569}
	EndGlobalSection
EndGlobal
