
Microsoft Visual Studio Solution File, Format Version 12.00
# Visual Studio Version 17
VisualStudioVersion = 17.2.32516.85
MinimumVisualStudioVersion = 10.0.40219.1
Project("{9A19103F-16F7-4668-BE54-9A1E7A4F7556}") = "DotNetStandardLibTest", "DotNetStandardLibTest\DotNetStandardLibTest.csproj", "{04715FCC-C8E9-4BA3-A4B0-F4D98CFF8A3C}"
EndProject
Project("{9A19103F-16F7-4668-BE54-9A1E7A4F7556}") = "ConsoleApp1", "ConsoleApp1\ConsoleApp1.csproj", "{E9DE2065-3DA1-4F8D-85A4-558343F3B3EF}"
EndProject
Project("{FAE04EC0-301F-11D3-BF4B-00C04F79EFBC}") = "ConsoleApp2", "ConsoleApp2\ConsoleApp2.csproj", "{5D2B918E-1D9E-426F-8373-2255A17A01A6}"
EndProject
Project("{2150E333-8FDC-42A3-9474-1A3956D46DE8}") = "01..NETStandard", "01..NETStandard", "{9FA53B16-CC1F-4402-B7C0-C41631FEA883}"
EndProject
Project("{2150E333-8FDC-42A3-9474-1A3956D46DE8}") = "02.AsyncAwait", "02.AsyncAwait", "{2831EDDA-A4CB-4B98-AD03-98D260DFF529}"
EndProject
Project("{9A19103F-16F7-4668-BE54-9A1E7A4F7556}") = "ConsoleAppAsyncAwait", "ConsoleAppAsyncAwait\ConsoleAppAsyncAwait.csproj", "{5995C932-3230-44D9-BAF3-2F6D27DFB879}"
EndProject
Project("{9A19103F-16F7-4668-BE54-9A1E7A4F7556}") = "ThreadChange", "ThreadChange\ThreadChange.csproj", "{560C6316-96E1-4A0B-81A6-D453E680615E}"
EndProject
Project("{9A19103F-16F7-4668-BE54-9A1E7A4F7556}") = "ConsoleAppCancellationToken", "ConsoleAppCancellationToken\ConsoleAppCancellationToken.csproj", "{582B9B62-ABF2-4978-B73A-DC0F6895BCD7}"
EndProject
Project("{9A19103F-16F7-4668-BE54-9A1E7A4F7556}") = "WebApplicationCancellationToken", "WebApplicationCancellationToken\WebApplicationCancellationToken.csproj", "{5B279FC6-FC47-48E1-A63E-10FAFD0967EE}"
EndProject
Project("{9A19103F-16F7-4668-BE54-9A1E7A4F7556}") = "ConsoleAppTaskWhenAll", "ConsoleAppTaskWhenAll\ConsoleAppTaskWhenAll.csproj", "{A69936B4-898B-45BB-8CB1-B1D4AA632AC9}"
EndProject
Project("{2150E333-8FDC-42A3-9474-1A3956D46DE8}") = "03.Linq", "03.Linq", "{BC02496D-2BC9-4134-B475-EDF21EA5A3BF}"
EndProject
Project("{9A19103F-16F7-4668-BE54-9A1E7A4F7556}") = "ConsoleAppLinq", "ConsoleAppLinq\ConsoleAppLinq.csproj", "{046B36C1-C976-40DD-B493-73F0A963F67D}"
EndProject
Project("{2150E333-8FDC-42A3-9474-1A3956D46DE8}") = "04.DepencyInjection", "04.DepencyInjection", "{A3DB183D-3F39-4944-BE4C-E644D70657F0}"
EndProject
Project("{9A19103F-16F7-4668-BE54-9A1E7A4F7556}") = "ConsoleAppDependencyInjection", "ConsoleAppDependencyInjection\ConsoleAppDependencyInjection.csproj", "{89DEF10C-8D4C-407F-9BA4-CB01DED59E26}"
EndProject
Project("{9A19103F-16F7-4668-BE54-9A1E7A4F7556}") = "ConsoleAppDiDb", "ConsoleAppDiDb\ConsoleAppDiDb.csproj", "{3F8DA7A6-95D9-4915-82E1-E35F03594B23}"
EndProject
Project("{9A19103F-16F7-4668-BE54-9A1E7A4F7556}") = "MailSenderConsole", "MailSenderConsole\MailSenderConsole.csproj", "{33E63ABB-2DFD-4BF8-8F66-09DABEB48CBD}"
EndProject
Project("{9A19103F-16F7-4668-BE54-9A1E7A4F7556}") = "ConfigServices", "ConfigServices\ConfigServices.csproj", "{1AC7E383-F1CC-4623-9F1C-5BEACC1426B3}"
EndProject
Project("{9A19103F-16F7-4668-BE54-9A1E7A4F7556}") = "LogServices", "LogServices\LogServices.csproj", "{627F9B39-9F4B-40BC-B0AD-8BD130FCAA35}"
EndProject
Project("{9A19103F-16F7-4668-BE54-9A1E7A4F7556}") = "MailServices", "MailServices\MailServices.csproj", "{802FB2DB-B7C7-4FDA-8413-857949C51648}"
EndProject
Project("{2150E333-8FDC-42A3-9474-1A3956D46DE8}") = "05.Configuration", "05.Configuration", "{B7B84AFF-5A11-4AF5-93BD-618AECF16F9C}"
EndProject
Project("{9A19103F-16F7-4668-BE54-9A1E7A4F7556}") = "ReadJsonConfig", "ReadJsonConfig\ReadJsonConfig.csproj", "{B24D1482-B275-417A-9F23-E041B1A88C2F}"
EndProject
Project("{9A19103F-16F7-4668-BE54-9A1E7A4F7556}") = "OptionSnapshot", "OptionSnapshot\OptionSnapshot.csproj", "{8170B852-E7AE-4BEC-A499-7B943B87AF38}"
EndProject
Project("{9A19103F-16F7-4668-BE54-9A1E7A4F7556}") = "ReadCommandLineConfig", "ReadCommandLineConfig\ReadCommandLineConfig.csproj", "{B90C4657-7F28-420C-B543-5D51DA7FC6DA}"
EndProject
Project("{9A19103F-16F7-4668-BE54-9A1E7A4F7556}") = "ReadWebConfig", "ReadWebConfig\ReadWebConfig.csproj", "{AAA6354A-5530-43FD-8979-D4FC7F17CCB8}"
EndProject
Project("{2150E333-8FDC-42A3-9474-1A3956D46DE8}") = "06.Logging", "06.Logging", "{3A7F341C-F8D3-4450-9152-4C20FB22C26C}"
EndProject
Project("{9A19103F-16F7-4668-BE54-9A1E7A4F7556}") = "ConsoleLogging", "ConsoleLogging\ConsoleLogging.csproj", "{91A1DFB0-6FF7-45F2-BD0A-5CD025B8A5DD}"
EndProject
Project("{2150E333-8FDC-42A3-9474-1A3956D46DE8}") = "07.EFCore", "07.EFCore", "{75BE9CD7-CC12-4AA0-BC86-D98D3DE53265}"
EndProject
Project("{9A19103F-16F7-4668-BE54-9A1E7A4F7556}") = "ConsoleEFCore", "ConsoleEFCore\ConsoleEFCore.csproj", "{F3B0C1A7-4A2B-47AD-889C-CA4ED697520F}"
EndProject
Project("{9A19103F-16F7-4668-BE54-9A1E7A4F7556}") = "ScafflodCompass", "ScafflodCompass\ScafflodCompass.csproj", "{0629D35D-3210-4000-93A5-1F5594DBDCFE}"
EndProject
Project("{9A19103F-16F7-4668-BE54-9A1E7A4F7556}") = "ConsoleRelation", "ConsoleRelation\ConsoleRelation.csproj", "{15D2DB36-FA6A-421C-AE63-94E968B80904}"
EndProject
Project("{9A19103F-16F7-4668-BE54-9A1E7A4F7556}") = "ConsoleMySqlMcc", "ConsoleMySqlMcc\ConsoleMySqlMcc.csproj", "{6AE0CF94-2B55-4531-B1B3-8E6748412670}"
EndProject
Project("{9A19103F-16F7-4668-BE54-9A1E7A4F7556}") = "ConsoleRowVersion", "ConsoleRowVersion\ConsoleRowVersion.csproj", "{68BF99CD-74AD-452A-B8DB-F0AFE4855443}"
EndProject
Project("{9A19103F-16F7-4668-BE54-9A1E7A4F7556}") = "ConsoleExpression", "ConsoleExpression\ConsoleExpression.csproj", "{F59F14A5-C1ED-480C-8695-4D8FBF9C8C80}"
EndProject
Project("{2150E333-8FDC-42A3-9474-1A3956D46DE8}") = "08.ASP.NETCore", "08.ASP.NETCore", "{F6BA685D-7332-4306-BC41-7E4CFF172F85}"
EndProject
Project("{9A19103F-16F7-4668-BE54-9A1E7A4F7556}") = "WebApplicationMvc", "WebApplicationMvc\WebApplicationMvc.csproj", "{96737E06-8A46-4EEC-952A-1BE16521F287}"
EndProject
Project("{9A19103F-16F7-4668-BE54-9A1E7A4F7556}") = "WebApplicationWebApi", "WebApplicationWebApi\WebApplicationWebApi.csproj", "{47548E8B-1F4D-42B2-B700-DF3FA8160D9C}"
EndProject
Project("{9A19103F-16F7-4668-BE54-9A1E7A4F7556}") = "WebApplicationConfig", "WebApplicationConfig\WebApplicationConfig.csproj", "{717D9787-E27E-4587-8F4B-FBBEAEE249C3}"
EndProject
Project("{9A19103F-16F7-4668-BE54-9A1E7A4F7556}") = "EFCoreBooks", "EFCoreBooks\EFCoreBooks.csproj", "{5EBFBB7C-B44F-4C2C-9E69-3BF6ED59753A}"
EndProject
Project("{9A19103F-16F7-4668-BE54-9A1E7A4F7556}") = "WebApplicationFilter", "WebApplicationFilter\WebApplicationFilter.csproj", "{8BF92ECB-9788-491A-A777-66B0CE50C57F}"
EndProject
Project("{9A19103F-16F7-4668-BE54-9A1E7A4F7556}") = "WebApplicationCustomMiddleware", "WebApplicationCustomMiddleware\WebApplicationCustomMiddleware.csproj", "{B2360750-8BDC-4AC3-862A-F266A34CB9CE}"
EndProject
Project("{9A19103F-16F7-4668-BE54-9A1E7A4F7556}") = "WebApplicationMarkdown", "WebApplicationMarkdown\WebApplicationMarkdown.csproj", "{4BB222DD-8F35-464D-AC09-7C589F1D0908}"
EndProject
Project("{9A19103F-16F7-4668-BE54-9A1E7A4F7556}") = "WebApplicationIdentity", "WebApplicationIdentity\WebApplicationIdentity.csproj", "{02A7E7C1-8F6C-4EF1-8049-AFCCC081C01F}"
EndProject
Project("{9A19103F-16F7-4668-BE54-9A1E7A4F7556}") = "ConsoleAppGenerateJwt", "ConsoleAppGenerateJwt\ConsoleAppGenerateJwt.csproj", "{74AEF301-EA1C-4C7B-AB82-05092AA193E6}"
EndProject
Project("{9A19103F-16F7-4668-BE54-9A1E7A4F7556}") = "WebApplicationJwt", "WebApplicationJwt\WebApplicationJwt.csproj", "{D3C2B6AD-5BB9-4A82-B59D-B91BD447FD03}"
EndProject
Project("{9A19103F-16F7-4668-BE54-9A1E7A4F7556}") = "WebApplicationHostedService", "WebApplicationHostedService\WebApplicationHostedService.csproj", "{78CDD5BB-5C4A-4886-87D1-8A4179B80432}"
EndProject
Project("{9A19103F-16F7-4668-BE54-9A1E7A4F7556}") = "WebApplicationSignalR", "WebApplicationSignalR\WebApplicationSignalR.csproj", "{A4C429BA-0BEE-4E65-95C5-ED7121217B4A}"
EndProject
Project("{9A19103F-16F7-4668-BE54-9A1E7A4F7556}") = "BlazorAppSignalR", "BlazorAppSignalR\BlazorAppSignalR.csproj", "{A26F2199-5DB9-4790-8AE4-5F2E3AAB9F2C}"
EndProject
Project("{9A19103F-16F7-4668-BE54-9A1E7A4F7556}") = "WebApplicationImportEcDict", "WebApplicationImportEcDict\WebApplicationImportEcDict.csproj", "{A8D23D3D-C035-49A9-9797-5651B27C26E5}"
EndProject
Project("{9A19103F-16F7-4668-BE54-9A1E7A4F7556}") = "WebApplicationRelease", "WebApplicationRelease\WebApplicationRelease.csproj", "{234075B4-207A-49E2-833B-5B81CE25912F}"
EndProject
Project("{2150E333-8FDC-42A3-9474-1A3956D46DE8}") = "09.DDD", "09.DDD", "{DD13DDDD-10B1-4A12-8682-B14CC019F0EE}"
EndProject
Project("{9A19103F-16F7-4668-BE54-9A1E7A4F7556}") = "ConsoleAppEFCoreCongestiveModel", "ConsoleAppEFCoreCongestiveModel\ConsoleAppEFCoreCongestiveModel.csproj", "{EA5AD5D8-6278-45F3-BB02-687190DFB959}"
EndProject
Project("{9A19103F-16F7-4668-BE54-9A1E7A4F7556}") = "WebApplicationMediatR", "WebApplicationMediatR\WebApplicationMediatR.csproj", "{293C33C8-29E4-44D5-A8AE-12F74D7A3024}"
EndProject
Project("{9A19103F-16F7-4668-BE54-9A1E7A4F7556}") = "ConsoleAppRabbitMQSender", "ConsoleAppRabbitMQSender\ConsoleAppRabbitMQSender.csproj", "{8C81AD94-7632-4A4A-B6AC-4D86B9F7CE4B}"
EndProject
Project("{9A19103F-16F7-4668-BE54-9A1E7A4F7556}") = "ConsoleAppRabbitMQConsumer", "ConsoleAppRabbitMQConsumer\ConsoleAppRabbitMQConsumer.csproj", "{15571F23-4C41-4217-91EC-1DAD5F6F05F7}"
EndProject
Project("{9A19103F-16F7-4668-BE54-9A1E7A4F7556}") = "WebApplicationRabbitMQSender", "WebApplicationRabbitMQSender\WebApplicationRabbitMQSender.csproj", "{55E4AEE8-6325-4414-B6D4-A42F6EFDD0EF}"
EndProject
Project("{9A19103F-16F7-4668-BE54-9A1E7A4F7556}") = "WebApplicationRabbitMQConsumer", "WebApplicationRabbitMQConsumer\WebApplicationRabbitMQConsumer.csproj", "{6A14A247-405E-4483-9F1C-27E843342C2F}"
EndProject
Project("{9A19103F-16F7-4668-BE54-9A1E7A4F7556}") = "ConsoleAppSimpleOnions", "ConsoleAppSimpleOnions\ConsoleAppSimpleOnions.csproj", "{6647E2DE-AB5F-482D-B87A-B5A4D629344B}"
EndProject
Project("{9A19103F-16F7-4668-BE54-9A1E7A4F7556}") = "ClassLibrarySimpleOnions", "ClassLibrarySimpleOnions\ClassLibrarySimpleOnions.csproj", "{7A516681-0A11-4064-B910-C3DC4716CF83}"
EndProject
Project("{2150E333-8FDC-42A3-9474-1A3956D46DE8}") = "10.SmallCase", "10.SmallCase", "{55D2545D-79A3-49B3-8349-CDEE284EC773}"
EndProject
Project("{9A19103F-16F7-4668-BE54-9A1E7A4F7556}") = "Users.Domain", "Users.Domain\Users.Domain.csproj", "{67A0F84B-526A-4A4B-B501-52434C524A21}"
EndProject
Project("{9A19103F-16F7-4668-BE54-9A1E7A4F7556}") = "Users.Infrastructure", "Users.Infrastructure\Users.Infrastructure.csproj", "{33A77F37-E7A1-4564-9ED6-814AB9A28458}"
EndProject
Project("{9A19103F-16F7-4668-BE54-9A1E7A4F7556}") = "Users.WebApi", "Users.WebApi\Users.WebApi.csproj", "{7678421A-9C9A-4767-8D78-170C7C3B8F85}"
EndProject
Project("{2150E333-8FDC-42A3-9474-1A3956D46DE8}") = "11.BigCase", "11.BigCase", "{E41F1909-2A83-4345-AFED-95E93495D86A}"
EndProject
Project("{2150E333-8FDC-42A3-9474-1A3956D46DE8}") = "Commons", "Commons", "{D07C3BD6-BF82-406E-BE37-26EB82EC5AF7}"
EndProject
Project("{FAE04EC0-301F-11D3-BF4B-00C04F79EFBC}") = "CommonInitializer", "YouZack\CommonInitializer\CommonInitializer.csproj", "{705437EE-D16B-47FF-8E95-71949CC49347}"
EndProject
Project("{2150E333-8FDC-42A3-9474-1A3956D46DE8}") = "FileService", "FileService", "{5D9ABE31-8F9C-4E56-A598-243709816DFC}"
EndProject
Project("{FAE04EC0-301F-11D3-BF4B-00C04F79EFBC}") = "FileService.Domain", "YouZack\FileService.Domain\FileService.Domain.csproj", "{7D50157D-0E69-495C-AC1F-A90AE90C1F78}"
EndProject
Global
	GlobalSection(SolutionConfigurationPlatforms) = preSolution
		Debug|Any CPU = Debug|Any CPU
		Release|Any CPU = Release|Any CPU
	EndGlobalSection
	GlobalSection(ProjectConfigurationPlatforms) = postSolution
		{04715FCC-C8E9-4BA3-A4B0-F4D98CFF8A3C}.Debug|Any CPU.ActiveCfg = Debug|Any CPU
		{04715FCC-C8E9-4BA3-A4B0-F4D98CFF8A3C}.Debug|Any CPU.Build.0 = Debug|Any CPU
		{04715FCC-C8E9-4BA3-A4B0-F4D98CFF8A3C}.Release|Any CPU.ActiveCfg = Release|Any CPU
		{04715FCC-C8E9-4BA3-A4B0-F4D98CFF8A3C}.Release|Any CPU.Build.0 = Release|Any CPU
		{E9DE2065-3DA1-4F8D-85A4-558343F3B3EF}.Debug|Any CPU.ActiveCfg = Debug|Any CPU
		{E9DE2065-3DA1-4F8D-85A4-558343F3B3EF}.Debug|Any CPU.Build.0 = Debug|Any CPU
		{E9DE2065-3DA1-4F8D-85A4-558343F3B3EF}.Release|Any CPU.ActiveCfg = Release|Any CPU
		{E9DE2065-3DA1-4F8D-85A4-558343F3B3EF}.Release|Any CPU.Build.0 = Release|Any CPU
		{5D2B918E-1D9E-426F-8373-2255A17A01A6}.Debug|Any CPU.ActiveCfg = Debug|Any CPU
		{5D2B918E-1D9E-426F-8373-2255A17A01A6}.Debug|Any CPU.Build.0 = Debug|Any CPU
		{5D2B918E-1D9E-426F-8373-2255A17A01A6}.Release|Any CPU.ActiveCfg = Release|Any CPU
		{5D2B918E-1D9E-426F-8373-2255A17A01A6}.Release|Any CPU.Build.0 = Release|Any CPU
		{5995C932-3230-44D9-BAF3-2F6D27DFB879}.Debug|Any CPU.ActiveCfg = Debug|Any CPU
		{5995C932-3230-44D9-BAF3-2F6D27DFB879}.Debug|Any CPU.Build.0 = Debug|Any CPU
		{5995C932-3230-44D9-BAF3-2F6D27DFB879}.Release|Any CPU.ActiveCfg = Release|Any CPU
		{5995C932-3230-44D9-BAF3-2F6D27DFB879}.Release|Any CPU.Build.0 = Release|Any CPU
		{560C6316-96E1-4A0B-81A6-D453E680615E}.Debug|Any CPU.ActiveCfg = Debug|Any CPU
		{560C6316-96E1-4A0B-81A6-D453E680615E}.Debug|Any CPU.Build.0 = Debug|Any CPU
		{560C6316-96E1-4A0B-81A6-D453E680615E}.Release|Any CPU.ActiveCfg = Release|Any CPU
		{560C6316-96E1-4A0B-81A6-D453E680615E}.Release|Any CPU.Build.0 = Release|Any CPU
		{582B9B62-ABF2-4978-B73A-DC0F6895BCD7}.Debug|Any CPU.ActiveCfg = Debug|Any CPU
		{582B9B62-ABF2-4978-B73A-DC0F6895BCD7}.Debug|Any CPU.Build.0 = Debug|Any CPU
		{582B9B62-ABF2-4978-B73A-DC0F6895BCD7}.Release|Any CPU.ActiveCfg = Release|Any CPU
		{582B9B62-ABF2-4978-B73A-DC0F6895BCD7}.Release|Any CPU.Build.0 = Release|Any CPU
		{5B279FC6-FC47-48E1-A63E-10FAFD0967EE}.Debug|Any CPU.ActiveCfg = Debug|Any CPU
		{5B279FC6-FC47-48E1-A63E-10FAFD0967EE}.Debug|Any CPU.Build.0 = Debug|Any CPU
		{5B279FC6-FC47-48E1-A63E-10FAFD0967EE}.Release|Any CPU.ActiveCfg = Release|Any CPU
		{5B279FC6-FC47-48E1-A63E-10FAFD0967EE}.Release|Any CPU.Build.0 = Release|Any CPU
		{A69936B4-898B-45BB-8CB1-B1D4AA632AC9}.Debug|Any CPU.ActiveCfg = Debug|Any CPU
		{A69936B4-898B-45BB-8CB1-B1D4AA632AC9}.Debug|Any CPU.Build.0 = Debug|Any CPU
		{A69936B4-898B-45BB-8CB1-B1D4AA632AC9}.Release|Any CPU.ActiveCfg = Release|Any CPU
		{A69936B4-898B-45BB-8CB1-B1D4AA632AC9}.Release|Any CPU.Build.0 = Release|Any CPU
		{046B36C1-C976-40DD-B493-73F0A963F67D}.Debug|Any CPU.ActiveCfg = Debug|Any CPU
		{046B36C1-C976-40DD-B493-73F0A963F67D}.Debug|Any CPU.Build.0 = Debug|Any CPU
		{046B36C1-C976-40DD-B493-73F0A963F67D}.Release|Any CPU.ActiveCfg = Release|Any CPU
		{046B36C1-C976-40DD-B493-73F0A963F67D}.Release|Any CPU.Build.0 = Release|Any CPU
		{89DEF10C-8D4C-407F-9BA4-CB01DED59E26}.Debug|Any CPU.ActiveCfg = Debug|Any CPU
		{89DEF10C-8D4C-407F-9BA4-CB01DED59E26}.Debug|Any CPU.Build.0 = Debug|Any CPU
		{89DEF10C-8D4C-407F-9BA4-CB01DED59E26}.Release|Any CPU.ActiveCfg = Release|Any CPU
		{89DEF10C-8D4C-407F-9BA4-CB01DED59E26}.Release|Any CPU.Build.0 = Release|Any CPU
		{3F8DA7A6-95D9-4915-82E1-E35F03594B23}.Debug|Any CPU.ActiveCfg = Debug|Any CPU
		{3F8DA7A6-95D9-4915-82E1-E35F03594B23}.Debug|Any CPU.Build.0 = Debug|Any CPU
		{3F8DA7A6-95D9-4915-82E1-E35F03594B23}.Release|Any CPU.ActiveCfg = Release|Any CPU
		{3F8DA7A6-95D9-4915-82E1-E35F03594B23}.Release|Any CPU.Build.0 = Release|Any CPU
		{33E63ABB-2DFD-4BF8-8F66-09DABEB48CBD}.Debug|Any CPU.ActiveCfg = Debug|Any CPU
		{33E63ABB-2DFD-4BF8-8F66-09DABEB48CBD}.Debug|Any CPU.Build.0 = Debug|Any CPU
		{33E63ABB-2DFD-4BF8-8F66-09DABEB48CBD}.Release|Any CPU.ActiveCfg = Release|Any CPU
		{33E63ABB-2DFD-4BF8-8F66-09DABEB48CBD}.Release|Any CPU.Build.0 = Release|Any CPU
		{1AC7E383-F1CC-4623-9F1C-5BEACC1426B3}.Debug|Any CPU.ActiveCfg = Debug|Any CPU
		{1AC7E383-F1CC-4623-9F1C-5BEACC1426B3}.Debug|Any CPU.Build.0 = Debug|Any CPU
		{1AC7E383-F1CC-4623-9F1C-5BEACC1426B3}.Release|Any CPU.ActiveCfg = Release|Any CPU
		{1AC7E383-F1CC-4623-9F1C-5BEACC1426B3}.Release|Any CPU.Build.0 = Release|Any CPU
		{627F9B39-9F4B-40BC-B0AD-8BD130FCAA35}.Debug|Any CPU.ActiveCfg = Debug|Any CPU
		{627F9B39-9F4B-40BC-B0AD-8BD130FCAA35}.Debug|Any CPU.Build.0 = Debug|Any CPU
		{627F9B39-9F4B-40BC-B0AD-8BD130FCAA35}.Release|Any CPU.ActiveCfg = Release|Any CPU
		{627F9B39-9F4B-40BC-B0AD-8BD130FCAA35}.Release|Any CPU.Build.0 = Release|Any CPU
		{802FB2DB-B7C7-4FDA-8413-857949C51648}.Debug|Any CPU.ActiveCfg = Debug|Any CPU
		{802FB2DB-B7C7-4FDA-8413-857949C51648}.Debug|Any CPU.Build.0 = Debug|Any CPU
		{802FB2DB-B7C7-4FDA-8413-857949C51648}.Release|Any CPU.ActiveCfg = Release|Any CPU
		{802FB2DB-B7C7-4FDA-8413-857949C51648}.Release|Any CPU.Build.0 = Release|Any CPU
		{B24D1482-B275-417A-9F23-E041B1A88C2F}.Debug|Any CPU.ActiveCfg = Debug|Any CPU
		{B24D1482-B275-417A-9F23-E041B1A88C2F}.Debug|Any CPU.Build.0 = Debug|Any CPU
		{B24D1482-B275-417A-9F23-E041B1A88C2F}.Release|Any CPU.ActiveCfg = Release|Any CPU
		{B24D1482-B275-417A-9F23-E041B1A88C2F}.Release|Any CPU.Build.0 = Release|Any CPU
		{8170B852-E7AE-4BEC-A499-7B943B87AF38}.Debug|Any CPU.ActiveCfg = Debug|Any CPU
		{8170B852-E7AE-4BEC-A499-7B943B87AF38}.Debug|Any CPU.Build.0 = Debug|Any CPU
		{8170B852-E7AE-4BEC-A499-7B943B87AF38}.Release|Any CPU.ActiveCfg = Release|Any CPU
		{8170B852-E7AE-4BEC-A499-7B943B87AF38}.Release|Any CPU.Build.0 = Release|Any CPU
		{B90C4657-7F28-420C-B543-5D51DA7FC6DA}.Debug|Any CPU.ActiveCfg = Debug|Any CPU
		{B90C4657-7F28-420C-B543-5D51DA7FC6DA}.Debug|Any CPU.Build.0 = Debug|Any CPU
		{B90C4657-7F28-420C-B543-5D51DA7FC6DA}.Release|Any CPU.ActiveCfg = Release|Any CPU
		{B90C4657-7F28-420C-B543-5D51DA7FC6DA}.Release|Any CPU.Build.0 = Release|Any CPU
		{AAA6354A-5530-43FD-8979-D4FC7F17CCB8}.Debug|Any CPU.ActiveCfg = Debug|Any CPU
		{AAA6354A-5530-43FD-8979-D4FC7F17CCB8}.Debug|Any CPU.Build.0 = Debug|Any CPU
		{AAA6354A-5530-43FD-8979-D4FC7F17CCB8}.Release|Any CPU.ActiveCfg = Release|Any CPU
		{AAA6354A-5530-43FD-8979-D4FC7F17CCB8}.Release|Any CPU.Build.0 = Release|Any CPU
		{91A1DFB0-6FF7-45F2-BD0A-5CD025B8A5DD}.Debug|Any CPU.ActiveCfg = Debug|Any CPU
		{91A1DFB0-6FF7-45F2-BD0A-5CD025B8A5DD}.Debug|Any CPU.Build.0 = Debug|Any CPU
		{91A1DFB0-6FF7-45F2-BD0A-5CD025B8A5DD}.Release|Any CPU.ActiveCfg = Release|Any CPU
		{91A1DFB0-6FF7-45F2-BD0A-5CD025B8A5DD}.Release|Any CPU.Build.0 = Release|Any CPU
		{F3B0C1A7-4A2B-47AD-889C-CA4ED697520F}.Debug|Any CPU.ActiveCfg = Debug|Any CPU
		{F3B0C1A7-4A2B-47AD-889C-CA4ED697520F}.Debug|Any CPU.Build.0 = Debug|Any CPU
		{F3B0C1A7-4A2B-47AD-889C-CA4ED697520F}.Release|Any CPU.ActiveCfg = Release|Any CPU
		{F3B0C1A7-4A2B-47AD-889C-CA4ED697520F}.Release|Any CPU.Build.0 = Release|Any CPU
		{0629D35D-3210-4000-93A5-1F5594DBDCFE}.Debug|Any CPU.ActiveCfg = Debug|Any CPU
		{0629D35D-3210-4000-93A5-1F5594DBDCFE}.Debug|Any CPU.Build.0 = Debug|Any CPU
		{0629D35D-3210-4000-93A5-1F5594DBDCFE}.Release|Any CPU.ActiveCfg = Release|Any CPU
		{0629D35D-3210-4000-93A5-1F5594DBDCFE}.Release|Any CPU.Build.0 = Release|Any CPU
		{15D2DB36-FA6A-421C-AE63-94E968B80904}.Debug|Any CPU.ActiveCfg = Debug|Any CPU
		{15D2DB36-FA6A-421C-AE63-94E968B80904}.Debug|Any CPU.Build.0 = Debug|Any CPU
		{15D2DB36-FA6A-421C-AE63-94E968B80904}.Release|Any CPU.ActiveCfg = Release|Any CPU
		{15D2DB36-FA6A-421C-AE63-94E968B80904}.Release|Any CPU.Build.0 = Release|Any CPU
		{6AE0CF94-2B55-4531-B1B3-8E6748412670}.Debug|Any CPU.ActiveCfg = Debug|Any CPU
		{6AE0CF94-2B55-4531-B1B3-8E6748412670}.Debug|Any CPU.Build.0 = Debug|Any CPU
		{6AE0CF94-2B55-4531-B1B3-8E6748412670}.Release|Any CPU.ActiveCfg = Release|Any CPU
		{6AE0CF94-2B55-4531-B1B3-8E6748412670}.Release|Any CPU.Build.0 = Release|Any CPU
		{68BF99CD-74AD-452A-B8DB-F0AFE4855443}.Debug|Any CPU.ActiveCfg = Debug|Any CPU
		{68BF99CD-74AD-452A-B8DB-F0AFE4855443}.Debug|Any CPU.Build.0 = Debug|Any CPU
		{68BF99CD-74AD-452A-B8DB-F0AFE4855443}.Release|Any CPU.ActiveCfg = Release|Any CPU
		{68BF99CD-74AD-452A-B8DB-F0AFE4855443}.Release|Any CPU.Build.0 = Release|Any CPU
		{F59F14A5-C1ED-480C-8695-4D8FBF9C8C80}.Debug|Any CPU.ActiveCfg = Debug|Any CPU
		{F59F14A5-C1ED-480C-8695-4D8FBF9C8C80}.Debug|Any CPU.Build.0 = Debug|Any CPU
		{F59F14A5-C1ED-480C-8695-4D8FBF9C8C80}.Release|Any CPU.ActiveCfg = Release|Any CPU
		{F59F14A5-C1ED-480C-8695-4D8FBF9C8C80}.Release|Any CPU.Build.0 = Release|Any CPU
		{96737E06-8A46-4EEC-952A-1BE16521F287}.Debug|Any CPU.ActiveCfg = Debug|Any CPU
		{96737E06-8A46-4EEC-952A-1BE16521F287}.Debug|Any CPU.Build.0 = Debug|Any CPU
		{96737E06-8A46-4EEC-952A-1BE16521F287}.Release|Any CPU.ActiveCfg = Release|Any CPU
		{96737E06-8A46-4EEC-952A-1BE16521F287}.Release|Any CPU.Build.0 = Release|Any CPU
		{47548E8B-1F4D-42B2-B700-DF3FA8160D9C}.Debug|Any CPU.ActiveCfg = Debug|Any CPU
		{47548E8B-1F4D-42B2-B700-DF3FA8160D9C}.Debug|Any CPU.Build.0 = Debug|Any CPU
		{47548E8B-1F4D-42B2-B700-DF3FA8160D9C}.Release|Any CPU.ActiveCfg = Release|Any CPU
		{47548E8B-1F4D-42B2-B700-DF3FA8160D9C}.Release|Any CPU.Build.0 = Release|Any CPU
		{717D9787-E27E-4587-8F4B-FBBEAEE249C3}.Debug|Any CPU.ActiveCfg = Debug|Any CPU
		{717D9787-E27E-4587-8F4B-FBBEAEE249C3}.Debug|Any CPU.Build.0 = Debug|Any CPU
		{717D9787-E27E-4587-8F4B-FBBEAEE249C3}.Release|Any CPU.ActiveCfg = Release|Any CPU
		{717D9787-E27E-4587-8F4B-FBBEAEE249C3}.Release|Any CPU.Build.0 = Release|Any CPU
		{5EBFBB7C-B44F-4C2C-9E69-3BF6ED59753A}.Debug|Any CPU.ActiveCfg = Debug|Any CPU
		{5EBFBB7C-B44F-4C2C-9E69-3BF6ED59753A}.Debug|Any CPU.Build.0 = Debug|Any CPU
		{5EBFBB7C-B44F-4C2C-9E69-3BF6ED59753A}.Release|Any CPU.ActiveCfg = Release|Any CPU
		{5EBFBB7C-B44F-4C2C-9E69-3BF6ED59753A}.Release|Any CPU.Build.0 = Release|Any CPU
		{8BF92ECB-9788-491A-A777-66B0CE50C57F}.Debug|Any CPU.ActiveCfg = Debug|Any CPU
		{8BF92ECB-9788-491A-A777-66B0CE50C57F}.Debug|Any CPU.Build.0 = Debug|Any CPU
		{8BF92ECB-9788-491A-A777-66B0CE50C57F}.Release|Any CPU.ActiveCfg = Release|Any CPU
		{8BF92ECB-9788-491A-A777-66B0CE50C57F}.Release|Any CPU.Build.0 = Release|Any CPU
		{B2360750-8BDC-4AC3-862A-F266A34CB9CE}.Debug|Any CPU.ActiveCfg = Debug|Any CPU
		{B2360750-8BDC-4AC3-862A-F266A34CB9CE}.Debug|Any CPU.Build.0 = Debug|Any CPU
		{B2360750-8BDC-4AC3-862A-F266A34CB9CE}.Release|Any CPU.ActiveCfg = Release|Any CPU
		{B2360750-8BDC-4AC3-862A-F266A34CB9CE}.Release|Any CPU.Build.0 = Release|Any CPU
		{4BB222DD-8F35-464D-AC09-7C589F1D0908}.Debug|Any CPU.ActiveCfg = Debug|Any CPU
		{4BB222DD-8F35-464D-AC09-7C589F1D0908}.Debug|Any CPU.Build.0 = Debug|Any CPU
		{4BB222DD-8F35-464D-AC09-7C589F1D0908}.Release|Any CPU.ActiveCfg = Release|Any CPU
		{4BB222DD-8F35-464D-AC09-7C589F1D0908}.Release|Any CPU.Build.0 = Release|Any CPU
		{02A7E7C1-8F6C-4EF1-8049-AFCCC081C01F}.Debug|Any CPU.ActiveCfg = Debug|Any CPU
		{02A7E7C1-8F6C-4EF1-8049-AFCCC081C01F}.Debug|Any CPU.Build.0 = Debug|Any CPU
		{02A7E7C1-8F6C-4EF1-8049-AFCCC081C01F}.Release|Any CPU.ActiveCfg = Release|Any CPU
		{02A7E7C1-8F6C-4EF1-8049-AFCCC081C01F}.Release|Any CPU.Build.0 = Release|Any CPU
		{74AEF301-EA1C-4C7B-AB82-05092AA193E6}.Debug|Any CPU.ActiveCfg = Debug|Any CPU
		{74AEF301-EA1C-4C7B-AB82-05092AA193E6}.Debug|Any CPU.Build.0 = Debug|Any CPU
		{74AEF301-EA1C-4C7B-AB82-05092AA193E6}.Release|Any CPU.ActiveCfg = Release|Any CPU
		{74AEF301-EA1C-4C7B-AB82-05092AA193E6}.Release|Any CPU.Build.0 = Release|Any CPU
		{D3C2B6AD-5BB9-4A82-B59D-B91BD447FD03}.Debug|Any CPU.ActiveCfg = Debug|Any CPU
		{D3C2B6AD-5BB9-4A82-B59D-B91BD447FD03}.Debug|Any CPU.Build.0 = Debug|Any CPU
		{D3C2B6AD-5BB9-4A82-B59D-B91BD447FD03}.Release|Any CPU.ActiveCfg = Release|Any CPU
		{D3C2B6AD-5BB9-4A82-B59D-B91BD447FD03}.Release|Any CPU.Build.0 = Release|Any CPU
		{78CDD5BB-5C4A-4886-87D1-8A4179B80432}.Debug|Any CPU.ActiveCfg = Debug|Any CPU
		{78CDD5BB-5C4A-4886-87D1-8A4179B80432}.Debug|Any CPU.Build.0 = Debug|Any CPU
		{78CDD5BB-5C4A-4886-87D1-8A4179B80432}.Release|Any CPU.ActiveCfg = Release|Any CPU
		{78CDD5BB-5C4A-4886-87D1-8A4179B80432}.Release|Any CPU.Build.0 = Release|Any CPU
		{A4C429BA-0BEE-4E65-95C5-ED7121217B4A}.Debug|Any CPU.ActiveCfg = Debug|Any CPU
		{A4C429BA-0BEE-4E65-95C5-ED7121217B4A}.Debug|Any CPU.Build.0 = Debug|Any CPU
		{A4C429BA-0BEE-4E65-95C5-ED7121217B4A}.Release|Any CPU.ActiveCfg = Release|Any CPU
		{A4C429BA-0BEE-4E65-95C5-ED7121217B4A}.Release|Any CPU.Build.0 = Release|Any CPU
		{A26F2199-5DB9-4790-8AE4-5F2E3AAB9F2C}.Debug|Any CPU.ActiveCfg = Debug|Any CPU
		{A26F2199-5DB9-4790-8AE4-5F2E3AAB9F2C}.Debug|Any CPU.Build.0 = Debug|Any CPU
		{A26F2199-5DB9-4790-8AE4-5F2E3AAB9F2C}.Release|Any CPU.ActiveCfg = Release|Any CPU
		{A26F2199-5DB9-4790-8AE4-5F2E3AAB9F2C}.Release|Any CPU.Build.0 = Release|Any CPU
		{A8D23D3D-C035-49A9-9797-5651B27C26E5}.Debug|Any CPU.ActiveCfg = Debug|Any CPU
		{A8D23D3D-C035-49A9-9797-5651B27C26E5}.Debug|Any CPU.Build.0 = Debug|Any CPU
		{A8D23D3D-C035-49A9-9797-5651B27C26E5}.Release|Any CPU.ActiveCfg = Release|Any CPU
		{A8D23D3D-C035-49A9-9797-5651B27C26E5}.Release|Any CPU.Build.0 = Release|Any CPU
		{234075B4-207A-49E2-833B-5B81CE25912F}.Debug|Any CPU.ActiveCfg = Debug|Any CPU
		{234075B4-207A-49E2-833B-5B81CE25912F}.Debug|Any CPU.Build.0 = Debug|Any CPU
		{234075B4-207A-49E2-833B-5B81CE25912F}.Release|Any CPU.ActiveCfg = Release|Any CPU
		{234075B4-207A-49E2-833B-5B81CE25912F}.Release|Any CPU.Build.0 = Release|Any CPU
		{EA5AD5D8-6278-45F3-BB02-687190DFB959}.Debug|Any CPU.ActiveCfg = Debug|Any CPU
		{EA5AD5D8-6278-45F3-BB02-687190DFB959}.Debug|Any CPU.Build.0 = Debug|Any CPU
		{EA5AD5D8-6278-45F3-BB02-687190DFB959}.Release|Any CPU.ActiveCfg = Release|Any CPU
		{EA5AD5D8-6278-45F3-BB02-687190DFB959}.Release|Any CPU.Build.0 = Release|Any CPU
		{293C33C8-29E4-44D5-A8AE-12F74D7A3024}.Debug|Any CPU.ActiveCfg = Debug|Any CPU
		{293C33C8-29E4-44D5-A8AE-12F74D7A3024}.Debug|Any CPU.Build.0 = Debug|Any CPU
		{293C33C8-29E4-44D5-A8AE-12F74D7A3024}.Release|Any CPU.ActiveCfg = Release|Any CPU
		{293C33C8-29E4-44D5-A8AE-12F74D7A3024}.Release|Any CPU.Build.0 = Release|Any CPU
		{8C81AD94-7632-4A4A-B6AC-4D86B9F7CE4B}.Debug|Any CPU.ActiveCfg = Debug|Any CPU
		{8C81AD94-7632-4A4A-B6AC-4D86B9F7CE4B}.Debug|Any CPU.Build.0 = Debug|Any CPU
		{8C81AD94-7632-4A4A-B6AC-4D86B9F7CE4B}.Release|Any CPU.ActiveCfg = Release|Any CPU
		{8C81AD94-7632-4A4A-B6AC-4D86B9F7CE4B}.Release|Any CPU.Build.0 = Release|Any CPU
		{15571F23-4C41-4217-91EC-1DAD5F6F05F7}.Debug|Any CPU.ActiveCfg = Debug|Any CPU
		{15571F23-4C41-4217-91EC-1DAD5F6F05F7}.Debug|Any CPU.Build.0 = Debug|Any CPU
		{15571F23-4C41-4217-91EC-1DAD5F6F05F7}.Release|Any CPU.ActiveCfg = Release|Any CPU
		{15571F23-4C41-4217-91EC-1DAD5F6F05F7}.Release|Any CPU.Build.0 = Release|Any CPU
		{55E4AEE8-6325-4414-B6D4-A42F6EFDD0EF}.Debug|Any CPU.ActiveCfg = Debug|Any CPU
		{55E4AEE8-6325-4414-B6D4-A42F6EFDD0EF}.Debug|Any CPU.Build.0 = Debug|Any CPU
		{55E4AEE8-6325-4414-B6D4-A42F6EFDD0EF}.Release|Any CPU.ActiveCfg = Release|Any CPU
		{55E4AEE8-6325-4414-B6D4-A42F6EFDD0EF}.Release|Any CPU.Build.0 = Release|Any CPU
		{6A14A247-405E-4483-9F1C-27E843342C2F}.Debug|Any CPU.ActiveCfg = Debug|Any CPU
		{6A14A247-405E-4483-9F1C-27E843342C2F}.Debug|Any CPU.Build.0 = Debug|Any CPU
		{6A14A247-405E-4483-9F1C-27E843342C2F}.Release|Any CPU.ActiveCfg = Release|Any CPU
		{6A14A247-405E-4483-9F1C-27E843342C2F}.Release|Any CPU.Build.0 = Release|Any CPU
		{6647E2DE-AB5F-482D-B87A-B5A4D629344B}.Debug|Any CPU.ActiveCfg = Debug|Any CPU
		{6647E2DE-AB5F-482D-B87A-B5A4D629344B}.Debug|Any CPU.Build.0 = Debug|Any CPU
		{6647E2DE-AB5F-482D-B87A-B5A4D629344B}.Release|Any CPU.ActiveCfg = Release|Any CPU
		{6647E2DE-AB5F-482D-B87A-B5A4D629344B}.Release|Any CPU.Build.0 = Release|Any CPU
		{7A516681-0A11-4064-B910-C3DC4716CF83}.Debug|Any CPU.ActiveCfg = Debug|Any CPU
		{7A516681-0A11-4064-B910-C3DC4716CF83}.Debug|Any CPU.Build.0 = Debug|Any CPU
		{7A516681-0A11-4064-B910-C3DC4716CF83}.Release|Any CPU.ActiveCfg = Release|Any CPU
		{7A516681-0A11-4064-B910-C3DC4716CF83}.Release|Any CPU.Build.0 = Release|Any CPU
		{67A0F84B-526A-4A4B-B501-52434C524A21}.Debug|Any CPU.ActiveCfg = Debug|Any CPU
		{67A0F84B-526A-4A4B-B501-52434C524A21}.Debug|Any CPU.Build.0 = Debug|Any CPU
		{67A0F84B-526A-4A4B-B501-52434C524A21}.Release|Any CPU.ActiveCfg = Release|Any CPU
		{67A0F84B-526A-4A4B-B501-52434C524A21}.Release|Any CPU.Build.0 = Release|Any CPU
		{33A77F37-E7A1-4564-9ED6-814AB9A28458}.Debug|Any CPU.ActiveCfg = Debug|Any CPU
		{33A77F37-E7A1-4564-9ED6-814AB9A28458}.Debug|Any CPU.Build.0 = Debug|Any CPU
		{33A77F37-E7A1-4564-9ED6-814AB9A28458}.Release|Any CPU.ActiveCfg = Release|Any CPU
		{33A77F37-E7A1-4564-9ED6-814AB9A28458}.Release|Any CPU.Build.0 = Release|Any CPU
		{7678421A-9C9A-4767-8D78-170C7C3B8F85}.Debug|Any CPU.ActiveCfg = Debug|Any CPU
		{7678421A-9C9A-4767-8D78-170C7C3B8F85}.Debug|Any CPU.Build.0 = Debug|Any CPU
		{7678421A-9C9A-4767-8D78-170C7C3B8F85}.Release|Any CPU.ActiveCfg = Release|Any CPU
		{7678421A-9C9A-4767-8D78-170C7C3B8F85}.Release|Any CPU.Build.0 = Release|Any CPU
		{705437EE-D16B-47FF-8E95-71949CC49347}.Debug|Any CPU.ActiveCfg = Debug|Any CPU
		{705437EE-D16B-47FF-8E95-71949CC49347}.Debug|Any CPU.Build.0 = Debug|Any CPU
		{705437EE-D16B-47FF-8E95-71949CC49347}.Release|Any CPU.ActiveCfg = Release|Any CPU
		{705437EE-D16B-47FF-8E95-71949CC49347}.Release|Any CPU.Build.0 = Release|Any CPU
		{7D50157D-0E69-495C-AC1F-A90AE90C1F78}.Debug|Any CPU.ActiveCfg = Debug|Any CPU
		{7D50157D-0E69-495C-AC1F-A90AE90C1F78}.Debug|Any CPU.Build.0 = Debug|Any CPU
		{7D50157D-0E69-495C-AC1F-A90AE90C1F78}.Release|Any CPU.ActiveCfg = Release|Any CPU
		{7D50157D-0E69-495C-AC1F-A90AE90C1F78}.Release|Any CPU.Build.0 = Release|Any CPU
	EndGlobalSection
	GlobalSection(SolutionProperties) = preSolution
		HideSolutionNode = FALSE
	EndGlobalSection
	GlobalSection(NestedProjects) = preSolution
		{04715FCC-C8E9-4BA3-A4B0-F4D98CFF8A3C} = {9FA53B16-CC1F-4402-B7C0-C41631FEA883}
		{E9DE2065-3DA1-4F8D-85A4-558343F3B3EF} = {9FA53B16-CC1F-4402-B7C0-C41631FEA883}
		{5D2B918E-1D9E-426F-8373-2255A17A01A6} = {9FA53B16-CC1F-4402-B7C0-C41631FEA883}
		{5995C932-3230-44D9-BAF3-2F6D27DFB879} = {2831EDDA-A4CB-4B98-AD03-98D260DFF529}
		{560C6316-96E1-4A0B-81A6-D453E680615E} = {2831EDDA-A4CB-4B98-AD03-98D260DFF529}
		{582B9B62-ABF2-4978-B73A-DC0F6895BCD7} = {2831EDDA-A4CB-4B98-AD03-98D260DFF529}
		{5B279FC6-FC47-48E1-A63E-10FAFD0967EE} = {2831EDDA-A4CB-4B98-AD03-98D260DFF529}
		{A69936B4-898B-45BB-8CB1-B1D4AA632AC9} = {2831EDDA-A4CB-4B98-AD03-98D260DFF529}
		{046B36C1-C976-40DD-B493-73F0A963F67D} = {BC02496D-2BC9-4134-B475-EDF21EA5A3BF}
		{89DEF10C-8D4C-407F-9BA4-CB01DED59E26} = {A3DB183D-3F39-4944-BE4C-E644D70657F0}
		{3F8DA7A6-95D9-4915-82E1-E35F03594B23} = {A3DB183D-3F39-4944-BE4C-E644D70657F0}
		{33E63ABB-2DFD-4BF8-8F66-09DABEB48CBD} = {A3DB183D-3F39-4944-BE4C-E644D70657F0}
		{1AC7E383-F1CC-4623-9F1C-5BEACC1426B3} = {A3DB183D-3F39-4944-BE4C-E644D70657F0}
		{627F9B39-9F4B-40BC-B0AD-8BD130FCAA35} = {A3DB183D-3F39-4944-BE4C-E644D70657F0}
		{802FB2DB-B7C7-4FDA-8413-857949C51648} = {A3DB183D-3F39-4944-BE4C-E644D70657F0}
		{B24D1482-B275-417A-9F23-E041B1A88C2F} = {B7B84AFF-5A11-4AF5-93BD-618AECF16F9C}
		{8170B852-E7AE-4BEC-A499-7B943B87AF38} = {B7B84AFF-5A11-4AF5-93BD-618AECF16F9C}
		{B90C4657-7F28-420C-B543-5D51DA7FC6DA} = {B7B84AFF-5A11-4AF5-93BD-618AECF16F9C}
		{AAA6354A-5530-43FD-8979-D4FC7F17CCB8} = {B7B84AFF-5A11-4AF5-93BD-618AECF16F9C}
		{91A1DFB0-6FF7-45F2-BD0A-5CD025B8A5DD} = {3A7F341C-F8D3-4450-9152-4C20FB22C26C}
		{F3B0C1A7-4A2B-47AD-889C-CA4ED697520F} = {75BE9CD7-CC12-4AA0-BC86-D98D3DE53265}
		{0629D35D-3210-4000-93A5-1F5594DBDCFE} = {75BE9CD7-CC12-4AA0-BC86-D98D3DE53265}
		{15D2DB36-FA6A-421C-AE63-94E968B80904} = {75BE9CD7-CC12-4AA0-BC86-D98D3DE53265}
		{6AE0CF94-2B55-4531-B1B3-8E6748412670} = {75BE9CD7-CC12-4AA0-BC86-D98D3DE53265}
		{68BF99CD-74AD-452A-B8DB-F0AFE4855443} = {75BE9CD7-CC12-4AA0-BC86-D98D3DE53265}
		{F59F14A5-C1ED-480C-8695-4D8FBF9C8C80} = {75BE9CD7-CC12-4AA0-BC86-D98D3DE53265}
		{96737E06-8A46-4EEC-952A-1BE16521F287} = {F6BA685D-7332-4306-BC41-7E4CFF172F85}
		{47548E8B-1F4D-42B2-B700-DF3FA8160D9C} = {F6BA685D-7332-4306-BC41-7E4CFF172F85}
		{717D9787-E27E-4587-8F4B-FBBEAEE249C3} = {F6BA685D-7332-4306-BC41-7E4CFF172F85}
		{5EBFBB7C-B44F-4C2C-9E69-3BF6ED59753A} = {F6BA685D-7332-4306-BC41-7E4CFF172F85}
		{8BF92ECB-9788-491A-A777-66B0CE50C57F} = {F6BA685D-7332-4306-BC41-7E4CFF172F85}
		{B2360750-8BDC-4AC3-862A-F266A34CB9CE} = {F6BA685D-7332-4306-BC41-7E4CFF172F85}
		{4BB222DD-8F35-464D-AC09-7C589F1D0908} = {F6BA685D-7332-4306-BC41-7E4CFF172F85}
		{02A7E7C1-8F6C-4EF1-8049-AFCCC081C01F} = {F6BA685D-7332-4306-BC41-7E4CFF172F85}
		{74AEF301-EA1C-4C7B-AB82-05092AA193E6} = {F6BA685D-7332-4306-BC41-7E4CFF172F85}
		{D3C2B6AD-5BB9-4A82-B59D-B91BD447FD03} = {F6BA685D-7332-4306-BC41-7E4CFF172F85}
		{78CDD5BB-5C4A-4886-87D1-8A4179B80432} = {F6BA685D-7332-4306-BC41-7E4CFF172F85}
		{A4C429BA-0BEE-4E65-95C5-ED7121217B4A} = {F6BA685D-7332-4306-BC41-7E4CFF172F85}
		{A26F2199-5DB9-4790-8AE4-5F2E3AAB9F2C} = {F6BA685D-7332-4306-BC41-7E4CFF172F85}
		{A8D23D3D-C035-49A9-9797-5651B27C26E5} = {F6BA685D-7332-4306-BC41-7E4CFF172F85}
		{234075B4-207A-49E2-833B-5B81CE25912F} = {F6BA685D-7332-4306-BC41-7E4CFF172F85}
		{EA5AD5D8-6278-45F3-BB02-687190DFB959} = {DD13DDDD-10B1-4A12-8682-B14CC019F0EE}
		{293C33C8-29E4-44D5-A8AE-12F74D7A3024} = {DD13DDDD-10B1-4A12-8682-B14CC019F0EE}
		{8C81AD94-7632-4A4A-B6AC-4D86B9F7CE4B} = {DD13DDDD-10B1-4A12-8682-B14CC019F0EE}
		{15571F23-4C41-4217-91EC-1DAD5F6F05F7} = {DD13DDDD-10B1-4A12-8682-B14CC019F0EE}
		{55E4AEE8-6325-4414-B6D4-A42F6EFDD0EF} = {DD13DDDD-10B1-4A12-8682-B14CC019F0EE}
		{6A14A247-405E-4483-9F1C-27E843342C2F} = {DD13DDDD-10B1-4A12-8682-B14CC019F0EE}
		{6647E2DE-AB5F-482D-B87A-B5A4D629344B} = {DD13DDDD-10B1-4A12-8682-B14CC019F0EE}
		{7A516681-0A11-4064-B910-C3DC4716CF83} = {DD13DDDD-10B1-4A12-8682-B14CC019F0EE}
		{67A0F84B-526A-4A4B-B501-52434C524A21} = {55D2545D-79A3-49B3-8349-CDEE284EC773}
		{33A77F37-E7A1-4564-9ED6-814AB9A28458} = {55D2545D-79A3-49B3-8349-CDEE284EC773}
		{7678421A-9C9A-4767-8D78-170C7C3B8F85} = {55D2545D-79A3-49B3-8349-CDEE284EC773}
		{D07C3BD6-BF82-406E-BE37-26EB82EC5AF7} = {E41F1909-2A83-4345-AFED-95E93495D86A}
		{705437EE-D16B-47FF-8E95-71949CC49347} = {D07C3BD6-BF82-406E-BE37-26EB82EC5AF7}
		{5D9ABE31-8F9C-4E56-A598-243709816DFC} = {E41F1909-2A83-4345-AFED-95E93495D86A}
		{7D50157D-0E69-495C-AC1F-A90AE90C1F78} = {5D9ABE31-8F9C-4E56-A598-243709816DFC}
	EndGlobalSection
	GlobalSection(ExtensibilityGlobals) = postSolution
		SolutionGuid = {42033C1D-7E2F-4ABB-B48E-1E0C242DF569}
	EndGlobalSection
EndGlobal
